<?xml version="1.0" encoding="utf-8"?>
<Project ToolsVersion="4.0" xmlns="http://schemas.microsoft.com/developer/msbuild/2003">
  <ItemGroup>
    <Filter Include="Source Files">
      <UniqueIdentifier>{60eb0a7c-ce60-44ce-8778-08df28815bf4}</UniqueIdentifier>
      <Extensions>cpp;c;cxx;rc;def;r;odl;idl;hpj;bat</Extensions>
    </Filter>
    <Filter Include="Source Files\Encryption">
      <UniqueIdentifier>{35ec51a5-15ac-40de-9647-41bde79c3555}</UniqueIdentifier>
    </Filter>
    <Filter Include="Source Files\XRef">
      <UniqueIdentifier>{0e97e030-7930-4b26-ac2b-5534dd76e7c2}</UniqueIdentifier>
    </Filter>
    <Filter Include="Source Files\COM Implementation">
      <UniqueIdentifier>{7898f5de-9af7-42a3-a82e-e9c837d2689b}</UniqueIdentifier>
    </Filter>
    <Filter Include="Resource Files">
      <UniqueIdentifier>{a101f7a1-a3e0-4c82-adeb-9582fe91fa70}</UniqueIdentifier>
      <Extensions>ico;cur;bmp;dlg;rc2;rct;bin;rgs;gif;jpg;jpeg;jpe</Extensions>
    </Filter>
    <Filter Include="Header Files">
      <UniqueIdentifier>{9302706f-b0b5-44b2-9ed0-aa333d943890}</UniqueIdentifier>
      <Extensions>h;hpp;hxx;hm;inl</Extensions>
    </Filter>
  </ItemGroup>
  <ItemGroup>
    <ClCompile Include="bitmaps.cpp">
      <Filter>Source Files</Filter>
    </ClCompile>
    <ClCompile Include="Dictionary.cpp">
      <Filter>Source Files</Filter>
    </ClCompile>
    <ClCompile Include="Document.cpp">
      <Filter>Source Files</Filter>
    </ClCompile>
    <ClCompile Include="element.cpp">
      <Filter>Source Files</Filter>
    </ClCompile>
    <ClCompile Include="entity.cpp">
      <Filter>Source Files</Filter>
    </ClCompile>
    <ClCompile Include="FlateDecode.cpp">
      <Filter>Source Files</Filter>
    </ClCompile>
    <ClCompile Include="Library.cpp">
      <Filter>Source Files</Filter>
    </ClCompile>
    <ClCompile Include="NumberTree.cpp">
      <Filter>Source Files</Filter>
    </ClCompile>
    <ClCompile Include="Object.cpp">
      <Filter>Source Files</Filter>
    </ClCompile>
    <ClCompile Include="Page.cpp">
      <Filter>Source Files</Filter>
    </ClCompile>
    <ClCompile Include="parseText.cpp">
      <Filter>Source Files</Filter>
    </ClCompile>
    <ClCompile Include="pdfEnabler.cpp">
      <Filter>Source Files</Filter>
    </ClCompile>
    <ClCompile Include="Stream.cpp">
      <Filter>Source Files</Filter>
    </ClCompile>
    <ClCompile Include="Encryption.cpp">
      <Filter>Source Files\Encryption</Filter>
    </ClCompile>
    <ClCompile Include="Encryption_AES.cpp">
      <Filter>Source Files\Encryption</Filter>
    </ClCompile>
    <ClCompile Include="Encryption_AES_Implementation.cpp">
      <Filter>Source Files\Encryption</Filter>
    </ClCompile>
    <ClCompile Include="Encryption_Ciphers.cpp">
      <Filter>Source Files\Encryption</Filter>
    </ClCompile>
    <ClCompile Include="CrossReferenceStream.cpp">
      <Filter>Source Files\XRef</Filter>
    </ClCompile>
    <ClCompile Include="Rewind.cpp">
      <Filter>Source Files\XRef</Filter>
    </ClCompile>
    <ClCompile Include="Trailer.cpp">
      <Filter>Source Files\XRef</Filter>
    </ClCompile>
    <ClCompile Include="Unwind.cpp">
      <Filter>Source Files\XRef</Filter>
    </ClCompile>
    <ClCompile Include="XReference.cpp">
      <Filter>Source Files\XRef</Filter>
    </ClCompile>
    <ClCompile Include="dllMain.cpp">
      <Filter>Source Files\COM Implementation</Filter>
    </ClCompile>
    <ClCompile Include="IDispatch.cpp">
      <Filter>Source Files\COM Implementation</Filter>
    </ClCompile>
    <ClCompile Include="IPdfDocument.cpp">
      <Filter>Source Files\COM Implementation</Filter>
    </ClCompile>
    <ClCompile Include="IPdfEnabler.cpp">
      <Filter>Source Files\COM Implementation</Filter>
    </ClCompile>
    <ClCompile Include="IPdfPage.cpp">
      <Filter>Source Files\COM Implementation</Filter>
    </ClCompile>
  </ItemGroup>
  <ItemGroup>
    <Midl Include="PdfEnabler.odl">
      <Filter>Source Files\COM Implementation</Filter>
    </Midl>
  </ItemGroup>
  <ItemGroup>
    <ResourceCompile Include="pdfEnabler.rc">
      <Filter>Resource Files</Filter>
    </ResourceCompile>
  </ItemGroup>
  <ItemGroup>
    <ClInclude Include="$(ProjectDir)\..\Common\include\pdfEnabler\delimiters.h">
      <Filter>Header Files</Filter>
    </ClInclude>
    <ClInclude Include="$(ProjectDir)\..\Common\include\pdfEnabler\Dictionary.h">
      <Filter>Header Files</Filter>
    </ClInclude>
    <ClInclude Include="$(ProjectDir)\..\Common\include\pdfEnabler\Document.h">
      <Filter>Header Files</Filter>
    </ClInclude>
    <ClInclude Include="$(ProjectDir)\..\Common\include\pdfEnabler\element.h">
      <Filter>Header Files</Filter>
    </ClInclude>
    <ClInclude Include="$(ProjectDir)\..\Common\include\pdfEnabler\Encryption.h">
      <Filter>Header Files</Filter>
    </ClInclude>
    <ClInclude Include="$(ProjectDir)\..\Common\include\pdfEnabler\Encryption_AES_Implementation.h">
      <Filter>Header Files</Filter>
    </ClInclude>
    <ClInclude Include="$(ProjectDir)\..\Common\include\pdfEnabler\entity.h">
      <Filter>Header Files</Filter>
    </ClInclude>
    <ClInclude Include="$(ProjectDir)\..\Common\include\pdfEnabler\Library.h">
      <Filter>Header Files</Filter>
    </ClInclude>
    <ClInclude Include="$(ProjectDir)\..\Common\include\pdfEnabler\NumberTree.h">
      <Filter>Header Files</Filter>
    </ClInclude>
    <ClInclude Include="$(ProjectDir)\..\Common\include\pdfEnabler\Object.h">
      <Filter>Header Files</Filter>
    </ClInclude>
    <ClInclude Include="$(ProjectDir)\..\Common\include\pdfEnabler\Page.h">
      <Filter>Header Files</Filter>
    </ClInclude>
    <ClInclude Include="$(ProjectDir)\..\Common\include\pdfEnabler\pdfEnabler.h">
      <Filter>Header Files</Filter>
    </ClInclude>
    <ClInclude Include="$(ProjectDir)\..\Common\include\pdfEnabler\Stream.h">
      <Filter>Header Files</Filter>
    </ClInclude>
    <ClInclude Include="$(ProjectDir)\..\Common\include\pdfEnabler\XReference.h">
      <Filter>Header Files</Filter>
    </ClInclude>
  </ItemGroup>
</Project>